
Microsoft Visual Studio Solution File, Format Version 12.00
# Visual Studio 15
VisualStudioVersion = 15.0.28307.421
MinimumVisualStudioVersion = 10.0.40219.1
Project("{FAE04EC0-301F-11D3-BF4B-00C04F79EFBC}") = "Chapter5_Program4_ShippingCost", "Chapter5_Program4_ShippingCost\Chapter5_Program4_ShippingCost.csproj", "{F3DA8CD7-E874-4E6D-84F8-F3D7543039DB}"
EndProject
Global
	GlobalSection(SolutionConfigurationPlatforms) = preSolution
		Debug|Any CPU = Debug|Any CPU
		Release|Any CPU = Release|Any CPU
	EndGlobalSection
	GlobalSection(ProjectConfigurationPlatforms) = postSolution
		{F3DA8CD7-E874-4E6D-84F8-F3D7543039DB}.Debug|Any CPU.ActiveCfg = Debug|Any CPU
		{F3DA8CD7-E874-4E6D-84F8-F3D7543039DB}.Debug|Any CPU.Build.0 = Debug|Any CPU
		{F3DA8CD7-E874-4E6D-84F8-F3D7543039DB}.Release|Any CPU.ActiveCfg = Release|Any CPU
		{F3DA8CD7-E874-4E6D-84F8-F3D7543039DB}.Release|Any CPU.Build.0 = Release|Any CPU
	EndGlobalSection
	GlobalSection(SolutionProperties) = preSolution
		HideSolutionNode = FALSE
	EndGlobalSection
	GlobalSection(ExtensibilityGlobals) = postSolution
		SolutionGuid = {3E4CF988-7EED-484D-94F0-CAB66D94FA3C}
	EndGlobalSection
EndGlobal
